// !$*UTF8*$!
{
	archiveVersion = 1;
	classes = {
	};
	objectVersion = 50;
	objects = {

/* Begin PBXBuildFile section */
		255CD8702319543500E370D7 /* AppDelegate.swift in Sources */ = {isa = PBXBuildFile; fileRef = 255CD86F2319543500E370D7 /* AppDelegate.swift */; };
		255CD8752319543500E370D7 /* Main.storyboard in Resources */ = {isa = PBXBuildFile; fileRef = 255CD8732319543500E370D7 /* Main.storyboard */; };
		255CD8772319543600E370D7 /* Assets.xcassets in Resources */ = {isa = PBXBuildFile; fileRef = 255CD8762319543600E370D7 /* Assets.xcassets */; };
		255CD87A2319543600E370D7 /* LaunchScreen.storyboard in Resources */ = {isa = PBXBuildFile; fileRef = 255CD8782319543600E370D7 /* LaunchScreen.storyboard */; };
		255CD8852319543600E370D7 /* Actions_iOSTests.swift in Sources */ = {isa = PBXBuildFile; fileRef = 255CD8842319543600E370D7 /* Actions_iOSTests.swift */; };
		255CD8902319543600E370D7 /* Actions_iOSUITests.swift in Sources */ = {isa = PBXBuildFile; fileRef = 255CD88F2319543600E370D7 /* Actions_iOSUITests.swift */; };
		255CD89E2319579900E370D7 /* GithubActionsViewController.swift in Sources */ = {isa = PBXBuildFile; fileRef = 255CD89D2319579900E370D7 /* GithubActionsViewController.swift */; };
		255CD8A0231957A200E370D7 /* GithubActionsDetailViewController.swift in Sources */ = {isa = PBXBuildFile; fileRef = 255CD89F231957A200E370D7 /* GithubActionsDetailViewController.swift */; };
/* End PBXBuildFile section */

/* Begin PBXContainerItemProxy section */
		255CD8812319543600E370D7 /* PBXContainerItemProxy */ = {
			isa = PBXContainerItemProxy;
			containerPortal = 255CD8642319543500E370D7 /* Project object */;
			proxyType = 1;
			remoteGlobalIDString = 255CD86B2319543500E370D7;
			remoteInfo = "Actions-iOS";
		};
		255CD88C2319543600E370D7 /* PBXContainerItemProxy */ = {
			isa = PBXContainerItemProxy;
			containerPortal = 255CD8642319543500E370D7 /* Project object */;
			proxyType = 1;
			remoteGlobalIDString = 255CD86B2319543500E370D7;
			remoteInfo = "Actions-iOS";
		};
/* End PBXContainerItemProxy section */

/* Begin PBXFileReference section */
		255CD86C2319543500E370D7 /* Actions-iOS.app */ = {isa = PBXFileReference; explicitFileType = wrapper.application; includeInIndex = 0; path = "Actions-iOS.app"; sourceTree = BUILT_PRODUCTS_DIR; };
		255CD86F2319543500E370D7 /* AppDelegate.swift */ = {isa = PBXFileReference; lastKnownFileType = sourcecode.swift; path = AppDelegate.swift; sourceTree = "<group>"; };
		255CD8742319543500E370D7 /* Base */ = {isa = PBXFileReference; lastKnownFileType = file.storyboard; name = Base; path = Base.lproj/Main.storyboard; sourceTree = "<group>"; };
		255CD8762319543600E370D7 /* Assets.xcassets */ = {isa = PBXFileReference; lastKnownFileType = folder.assetcatalog; path = Assets.xcassets; sourceTree = "<group>"; };
		255CD8792319543600E370D7 /* Base */ = {isa = PBXFileReference; lastKnownFileType = file.storyboard; name = Base; path = Base.lproj/LaunchScreen.storyboard; sourceTree = "<group>"; };
		255CD87B2319543600E370D7 /* Info.plist */ = {isa = PBXFileReference; lastKnownFileType = text.plist.xml; path = Info.plist; sourceTree = "<group>"; };
		255CD8802319543600E370D7 /* Actions-iOSTests.xctest */ = {isa = PBXFileReference; explicitFileType = wrapper.cfbundle; includeInIndex = 0; path = "Actions-iOSTests.xctest"; sourceTree = BUILT_PRODUCTS_DIR; };
		255CD8842319543600E370D7 /* Actions_iOSTests.swift */ = {isa = PBXFileReference; lastKnownFileType = sourcecode.swift; path = Actions_iOSTests.swift; sourceTree = "<group>"; };
		255CD8862319543600E370D7 /* Info.plist */ = {isa = PBXFileReference; lastKnownFileType = text.plist.xml; path = Info.plist; sourceTree = "<group>"; };
		255CD88B2319543600E370D7 /* Actions-iOSUITests.xctest */ = {isa = PBXFileReference; explicitFileType = wrapper.cfbundle; includeInIndex = 0; path = "Actions-iOSUITests.xctest"; sourceTree = BUILT_PRODUCTS_DIR; };
		255CD88F2319543600E370D7 /* Actions_iOSUITests.swift */ = {isa = PBXFileReference; lastKnownFileType = sourcecode.swift; path = Actions_iOSUITests.swift; sourceTree = "<group>"; };
		255CD8912319543600E370D7 /* Info.plist */ = {isa = PBXFileReference; lastKnownFileType = text.plist.xml; path = Info.plist; sourceTree = "<group>"; };
		255CD89D2319579900E370D7 /* GithubActionsViewController.swift */ = {isa = PBXFileReference; lastKnownFileType = sourcecode.swift; path = GithubActionsViewController.swift; sourceTree = "<group>"; };
		255CD89F231957A200E370D7 /* GithubActionsDetailViewController.swift */ = {isa = PBXFileReference; lastKnownFileType = sourcecode.swift; path = GithubActionsDetailViewController.swift; sourceTree = "<group>"; };
/* End PBXFileReference section */

/* Begin PBXFrameworksBuildPhase section */
		255CD8692319543500E370D7 /* Frameworks */ = {
			isa = PBXFrameworksBuildPhase;
			buildActionMask = 2147483647;
			files = (
			);
			runOnlyForDeploymentPostprocessing = 0;
		};
		255CD87D2319543600E370D7 /* Frameworks */ = {
			isa = PBXFrameworksBuildPhase;
			buildActionMask = 2147483647;
			files = (
			);
			runOnlyForDeploymentPostprocessing = 0;
		};
		255CD8882319543600E370D7 /* Frameworks */ = {
			isa = PBXFrameworksBuildPhase;
			buildActionMask = 2147483647;
			files = (
			);
			runOnlyForDeploymentPostprocessing = 0;
		};
/* End PBXFrameworksBuildPhase section */

/* Begin PBXGroup section */
		255CD8632319543500E370D7 = {
			isa = PBXGroup;
			children = (
				255CD86E2319543500E370D7 /* Actions-iOS */,
				255CD8832319543600E370D7 /* Actions-iOSTests */,
				255CD88E2319543600E370D7 /* Actions-iOSUITests */,
				255CD86D2319543500E370D7 /* Products */,
			);
			sourceTree = "<group>";
		};
		255CD86D2319543500E370D7 /* Products */ = {
			isa = PBXGroup;
			children = (
				255CD86C2319543500E370D7 /* Actions-iOS.app */,
				255CD8802319543600E370D7 /* Actions-iOSTests.xctest */,
				255CD88B2319543600E370D7 /* Actions-iOSUITests.xctest */,
			);
			name = Products;
			sourceTree = "<group>";
		};
		255CD86E2319543500E370D7 /* Actions-iOS */ = {
			isa = PBXGroup;
			children = (
				255CD86F2319543500E370D7 /* AppDelegate.swift */,
				255CD89D2319579900E370D7 /* GithubActionsViewController.swift */,
				255CD89F231957A200E370D7 /* GithubActionsDetailViewController.swift */,
				255CD8732319543500E370D7 /* Main.storyboard */,
				255CD8762319543600E370D7 /* Assets.xcassets */,
				255CD8782319543600E370D7 /* LaunchScreen.storyboard */,
				255CD87B2319543600E370D7 /* Info.plist */,
			);
			path = "Actions-iOS";
			sourceTree = "<group>";
		};
		255CD8832319543600E370D7 /* Actions-iOSTests */ = {
			isa = PBXGroup;
			children = (
				255CD8842319543600E370D7 /* Actions_iOSTests.swift */,
				255CD8862319543600E370D7 /* Info.plist */,
			);
			path = "Actions-iOSTests";
			sourceTree = "<group>";
		};
		255CD88E2319543600E370D7 /* Actions-iOSUITests */ = {
			isa = PBXGroup;
			children = (
				255CD88F2319543600E370D7 /* Actions_iOSUITests.swift */,
				255CD8912319543600E370D7 /* Info.plist */,
			);
			path = "Actions-iOSUITests";
			sourceTree = "<group>";
		};
/* End PBXGroup section */

/* Begin PBXNativeTarget section */
		255CD86B2319543500E370D7 /* Actions-iOS */ = {
			isa = PBXNativeTarget;
			buildConfigurationList = 255CD8942319543600E370D7 /* Build configuration list for PBXNativeTarget "Actions-iOS" */;
			buildPhases = (
				255CD8682319543500E370D7 /* Sources */,
				255CD8692319543500E370D7 /* Frameworks */,
				255CD86A2319543500E370D7 /* Resources */,
			);
			buildRules = (
			);
			dependencies = (
			);
			name = "Actions-iOS";
			productName = "Actions-iOS";
			productReference = 255CD86C2319543500E370D7 /* Actions-iOS.app */;
			productType = "com.apple.product-type.application";
		};
		255CD87F2319543600E370D7 /* Actions-iOSTests */ = {
			isa = PBXNativeTarget;
			buildConfigurationList = 255CD8972319543600E370D7 /* Build configuration list for PBXNativeTarget "Actions-iOSTests" */;
			buildPhases = (
				255CD87C2319543600E370D7 /* Sources */,
				255CD87D2319543600E370D7 /* Frameworks */,
				255CD87E2319543600E370D7 /* Resources */,
			);
			buildRules = (
			);
			dependencies = (
				255CD8822319543600E370D7 /* PBXTargetDependency */,
			);
			name = "Actions-iOSTests";
			productName = "Actions-iOSTests";
			productReference = 255CD8802319543600E370D7 /* Actions-iOSTests.xctest */;
			productType = "com.apple.product-type.bundle.unit-test";
		};
		255CD88A2319543600E370D7 /* Actions-iOSUITests */ = {
			isa = PBXNativeTarget;
			buildConfigurationList = 255CD89A2319543600E370D7 /* Build configuration list for PBXNativeTarget "Actions-iOSUITests" */;
			buildPhases = (
				255CD8872319543600E370D7 /* Sources */,
				255CD8882319543600E370D7 /* Frameworks */,
				255CD8892319543600E370D7 /* Resources */,
			);
			buildRules = (
			);
			dependencies = (
				255CD88D2319543600E370D7 /* PBXTargetDependency */,
			);
			name = "Actions-iOSUITests";
			productName = "Actions-iOSUITests";
			productReference = 255CD88B2319543600E370D7 /* Actions-iOSUITests.xctest */;
			productType = "com.apple.product-type.bundle.ui-testing";
		};
/* End PBXNativeTarget section */

/* Begin PBXProject section */
		255CD8642319543500E370D7 /* Project object */ = {
			isa = PBXProject;
			attributes = {
				LastSwiftUpdateCheck = 1030;
				LastUpgradeCheck = 1030;
				ORGANIZATIONNAME = "Németh Gergely";
				TargetAttributes = {
					255CD86B2319543500E370D7 = {
						CreatedOnToolsVersion = 10.3;
					};
					255CD87F2319543600E370D7 = {
						CreatedOnToolsVersion = 10.3;
						TestTargetID = 255CD86B2319543500E370D7;
					};
					255CD88A2319543600E370D7 = {
						CreatedOnToolsVersion = 10.3;
						TestTargetID = 255CD86B2319543500E370D7;
					};
				};
			};
			buildConfigurationList = 255CD8672319543500E370D7 /* Build configuration list for PBXProject "Actions-iOS" */;
			compatibilityVersion = "Xcode 9.3";
			developmentRegion = en;
			hasScannedForEncodings = 0;
			knownRegions = (
				en,
				Base,
			);
			mainGroup = 255CD8632319543500E370D7;
			productRefGroup = 255CD86D2319543500E370D7 /* Products */;
			projectDirPath = "";
			projectRoot = "";
			targets = (
				255CD86B2319543500E370D7 /* Actions-iOS */,
				255CD87F2319543600E370D7 /* Actions-iOSTests */,
				255CD88A2319543600E370D7 /* Actions-iOSUITests */,
			);
		};
/* End PBXProject section */

/* Begin PBXResourcesBuildPhase section */
		255CD86A2319543500E370D7 /* Resources */ = {
			isa = PBXResourcesBuildPhase;
			buildActionMask = 2147483647;
			files = (
				255CD87A2319543600E370D7 /* LaunchScreen.storyboard in Resources */,
				255CD8772319543600E370D7 /* Assets.xcassets in Resources */,
				255CD8752319543500E370D7 /* Main.storyboard in Resources */,
			);
			runOnlyForDeploymentPostprocessing = 0;
		};
		255CD87E2319543600E370D7 /* Resources */ = {
			isa = PBXResourcesBuildPhase;
			buildActionMask = 2147483647;
			files = (
			);
			runOnlyForDeploymentPostprocessing = 0;
		};
		255CD8892319543600E370D7 /* Resources */ = {
			isa = PBXResourcesBuildPhase;
			buildActionMask = 2147483647;
			files = (
			);
			runOnlyForDeploymentPostprocessing = 0;
		};
/* End PBXResourcesBuildPhase section */

/* Begin PBXSourcesBuildPhase section */
		255CD8682319543500E370D7 /* Sources */ = {
			isa = PBXSourcesBuildPhase;
			buildActionMask = 2147483647;
			files = (
				255CD8702319543500E370D7 /* AppDelegate.swift in Sources */,
				255CD8A0231957A200E370D7 /* GithubActionsDetailViewController.swift in Sources */,
				255CD89E2319579900E370D7 /* GithubActionsViewController.swift in Sources */,
			);
			runOnlyForDeploymentPostprocessing = 0;
		};
		255CD87C2319543600E370D7 /* Sources */ = {
			isa = PBXSourcesBuildPhase;
			buildActionMask = 2147483647;
			files = (
				255CD8852319543600E370D7 /* Actions_iOSTests.swift in Sources */,
			);
			runOnlyForDeploymentPostprocessing = 0;
		};
		255CD8872319543600E370D7 /* Sources */ = {
			isa = PBXSourcesBuildPhase;
			buildActionMask = 2147483647;
			files = (
				255CD8902319543600E370D7 /* Actions_iOSUITests.swift in Sources */,
			);
			runOnlyForDeploymentPostprocessing = 0;
		};
/* End PBXSourcesBuildPhase section */

/* Begin PBXTargetDependency section */
		255CD8822319543600E370D7 /* PBXTargetDependency */ = {
			isa = PBXTargetDependency;
			target = 255CD86B2319543500E370D7 /* Actions-iOS */;
			targetProxy = 255CD8812319543600E370D7 /* PBXContainerItemProxy */;
		};
		255CD88D2319543600E370D7 /* PBXTargetDependency */ = {
			isa = PBXTargetDependency;
			target = 255CD86B2319543500E370D7 /* Actions-iOS */;
			targetProxy = 255CD88C2319543600E370D7 /* PBXContainerItemProxy */;
		};
/* End PBXTargetDependency section */

/* Begin PBXVariantGroup section */
		255CD8732319543500E370D7 /* Main.storyboard */ = {
			isa = PBXVariantGroup;
			children = (
				255CD8742319543500E370D7 /* Base */,
			);
			name = Main.storyboard;
			sourceTree = "<group>";
		};
		255CD8782319543600E370D7 /* LaunchScreen.storyboard */ = {
			isa = PBXVariantGroup;
			children = (
				255CD8792319543600E370D7 /* Base */,
			);
			name = LaunchScreen.storyboard;
			sourceTree = "<group>";
		};
/* End PBXVariantGroup section */

/* Begin XCBuildConfiguration section */
		255CD8922319543600E370D7 /* Debug */ = {
			isa = XCBuildConfiguration;
			buildSettings = {
				ALWAYS_SEARCH_USER_PATHS = NO;
				CLANG_ANALYZER_NONNULL = YES;
				CLANG_ANALYZER_NUMBER_OBJECT_CONVERSION = YES_AGGRESSIVE;
				CLANG_CXX_LANGUAGE_STANDARD = "gnu++14";
				CLANG_CXX_LIBRARY = "libc++";
				CLANG_ENABLE_MODULES = YES;
				CLANG_ENABLE_OBJC_ARC = YES;
				CLANG_ENABLE_OBJC_WEAK = YES;
				CLANG_WARN_BLOCK_CAPTURE_AUTORELEASING = YES;
				CLANG_WARN_BOOL_CONVERSION = YES;
				CLANG_WARN_COMMA = YES;
				CLANG_WARN_CONSTANT_CONVERSION = YES;
				CLANG_WARN_DEPRECATED_OBJC_IMPLEMENTATIONS = YES;
				CLANG_WARN_DIRECT_OBJC_ISA_USAGE = YES_ERROR;
				CLANG_WARN_DOCUMENTATION_COMMENTS = YES;
				CLANG_WARN_EMPTY_BODY = YES;
				CLANG_WARN_ENUM_CONVERSION = YES;
				CLANG_WARN_INFINITE_RECURSION = YES;
				CLANG_WARN_INT_CONVERSION = YES;
				CLANG_WARN_NON_LITERAL_NULL_CONVERSION = YES;
				CLANG_WARN_OBJC_IMPLICIT_RETAIN_SELF = YES;
				CLANG_WARN_OBJC_LITERAL_CONVERSION = YES;
				CLANG_WARN_OBJC_ROOT_CLASS = YES_ERROR;
				CLANG_WARN_RANGE_LOOP_ANALYSIS = YES;
				CLANG_WARN_STRICT_PROTOTYPES = YES;
				CLANG_WARN_SUSPICIOUS_MOVE = YES;
				CLANG_WARN_UNGUARDED_AVAILABILITY = YES_AGGRESSIVE;
				CLANG_WARN_UNREACHABLE_CODE = YES;
				CLANG_WARN__DUPLICATE_METHOD_MATCH = YES;
				CODE_SIGN_IDENTITY = "iPhone Developer";
				COPY_PHASE_STRIP = NO;
				DEBUG_INFORMATION_FORMAT = dwarf;
				ENABLE_STRICT_OBJC_MSGSEND = YES;
				ENABLE_TESTABILITY = YES;
				GCC_C_LANGUAGE_STANDARD = gnu11;
				GCC_DYNAMIC_NO_PIC = NO;
				GCC_NO_COMMON_BLOCKS = YES;
				GCC_OPTIMIZATION_LEVEL = 0;
				GCC_PREPROCESSOR_DEFINITIONS = (
					"DEBUG=1",
					"$(inherited)",
				);
				GCC_WARN_64_TO_32_BIT_CONVERSION = YES;
				GCC_WARN_ABOUT_RETURN_TYPE = YES_ERROR;
				GCC_WARN_UNDECLARED_SELECTOR = YES;
				GCC_WARN_UNINITIALIZED_AUTOS = YES_AGGRESSIVE;
				GCC_WARN_UNUSED_FUNCTION = YES;
				GCC_WARN_UNUSED_VARIABLE = YES;
				IPHONEOS_DEPLOYMENT_TARGET = 12.4;
				MTL_ENABLE_DEBUG_INFO = INCLUDE_SOURCE;
				MTL_FAST_MATH = YES;
				ONLY_ACTIVE_ARCH = YES;
				SDKROOT = iphoneos;
				SWIFT_ACTIVE_COMPILATION_CONDITIONS = DEBUG;
				SWIFT_OPTIMIZATION_LEVEL = "-Onone";
			};
			name = Debug;
		};
		255CD8932319543600E370D7 /* Release */ = {
			isa = XCBuildConfiguration;
			buildSettings = {
				ALWAYS_SEARCH_USER_PATHS = NO;
				CLANG_ANALYZER_NONNULL = YES;
				CLANG_ANALYZER_NUMBER_OBJECT_CONVERSION = YES_AGGRESSIVE;
				CLANG_CXX_LANGUAGE_STANDARD = "gnu++14";
				CLANG_CXX_LIBRARY = "libc++";
				CLANG_ENABLE_MODULES = YES;
				CLANG_ENABLE_OBJC_ARC = YES;
				CLANG_ENABLE_OBJC_WEAK = YES;
				CLANG_WARN_BLOCK_CAPTURE_AUTORELEASING = YES;
				CLANG_WARN_BOOL_CONVERSION = YES;
				CLANG_WARN_COMMA = YES;
				CLANG_WARN_CONSTANT_CONVERSION = YES;
				CLANG_WARN_DEPRECATED_OBJC_IMPLEMENTATIONS = YES;
				CLANG_WARN_DIRECT_OBJC_ISA_USAGE = YES_ERROR;
				CLANG_WARN_DOCUMENTATION_COMMENTS = YES;
				CLANG_WARN_EMPTY_BODY = YES;
				CLANG_WARN_ENUM_CONVERSION = YES;
				CLANG_WARN_INFINITE_RECURSION = YES;
				CLANG_WARN_INT_CONVERSION = YES;
				CLANG_WARN_NON_LITERAL_NULL_CONVERSION = YES;
				CLANG_WARN_OBJC_IMPLICIT_RETAIN_SELF = YES;
				CLANG_WARN_OBJC_LITERAL_CONVERSION = YES;
				CLANG_WARN_OBJC_ROOT_CLASS = YES_ERROR;
				CLANG_WARN_RANGE_LOOP_ANALYSIS = YES;
				CLANG_WARN_STRICT_PROTOTYPES = YES;
				CLANG_WARN_SUSPICIOUS_MOVE = YES;
				CLANG_WARN_UNGUARDED_AVAILABILITY = YES_AGGRESSIVE;
				CLANG_WARN_UNREACHABLE_CODE = YES;
				CLANG_WARN__DUPLICATE_METHOD_MATCH = YES;
				CODE_SIGN_IDENTITY = "iPhone Developer";
				COPY_PHASE_STRIP = NO;
				DEBUG_INFORMATION_FORMAT = "dwarf-with-dsym";
				ENABLE_NS_ASSERTIONS = NO;
				ENABLE_STRICT_OBJC_MSGSEND = YES;
				GCC_C_LANGUAGE_STANDARD = gnu11;
				GCC_NO_COMMON_BLOCKS = YES;
				GCC_WARN_64_TO_32_BIT_CONVERSION = YES;
				GCC_WARN_ABOUT_RETURN_TYPE = YES_ERROR;
				GCC_WARN_UNDECLARED_SELECTOR = YES;
				GCC_WARN_UNINITIALIZED_AUTOS = YES_AGGRESSIVE;
				GCC_WARN_UNUSED_FUNCTION = YES;
				GCC_WARN_UNUSED_VARIABLE = YES;
				IPHONEOS_DEPLOYMENT_TARGET = 12.4;
				MTL_ENABLE_DEBUG_INFO = NO;
				MTL_FAST_MATH = YES;
				SDKROOT = iphoneos;
				SWIFT_COMPILATION_MODE = wholemodule;
				SWIFT_OPTIMIZATION_LEVEL = "-O";
				VALIDATE_PRODUCT = YES;
			};
			name = Release;
		};
		255CD8952319543600E370D7 /* Debug */ = {
			isa = XCBuildConfiguration;
			buildSettings = {
				ASSETCATALOG_COMPILER_APPICON_NAME = AppIcon;
				CODE_SIGN_STYLE = Automatic;
				DEVELOPMENT_TEAM = N26GH338UD;
				INFOPLIST_FILE = "Actions-iOS/Info.plist";
				LD_RUNPATH_SEARCH_PATHS = (
					"$(inherited)",
					"@executable_path/Frameworks",
				);
				PRODUCT_BUNDLE_IDENTIFIER = "com.gergelynemeth.Actions-iOS";
				PRODUCT_NAME = "$(TARGET_NAME)";
				SWIFT_VERSION = 5.0;
				TARGETED_DEVICE_FAMILY = "1,2";
			};
			name = Debug;
		};
		255CD8962319543600E370D7 /* Release */ = {
			isa = XCBuildConfiguration;
			buildSettings = {
				ASSETCATALOG_COMPILER_APPICON_NAME = AppIcon;
				CODE_SIGN_STYLE = Automatic;
				DEVELOPMENT_TEAM = N26GH338UD;
				INFOPLIST_FILE = "Actions-iOS/Info.plist";
				LD_RUNPATH_SEARCH_PATHS = (
					"$(inherited)",
					"@executable_path/Frameworks",
				);
				PRODUCT_BUNDLE_IDENTIFIER = "com.gergelynemeth.Actions-iOS";
				PRODUCT_NAME = "$(TARGET_NAME)";
				SWIFT_VERSION = 5.0;
				TARGETED_DEVICE_FAMILY = "1,2";
			};
			name = Release;
		};
		255CD8982319543600E370D7 /* Debug */ = {
			isa = XCBuildConfiguration;
			buildSettings = {
				ALWAYS_EMBED_SWIFT_STANDARD_LIBRARIES = YES;
				BUNDLE_LOADER = "$(TEST_HOST)";
				CODE_SIGN_STYLE = Automatic;
				INFOPLIST_FILE = "Actions-iOSTests/Info.plist";
				LD_RUNPATH_SEARCH_PATHS = (
					"$(inherited)",
					"@executable_path/Frameworks",
					"@loader_path/Frameworks",
				);
				PRODUCT_BUNDLE_IDENTIFIER = "com.gergelynemeth.Actions-iOSTests";
				PRODUCT_NAME = "$(TARGET_NAME)";
				SWIFT_VERSION = 5.0;
				TARGETED_DEVICE_FAMILY = "1,2";
				TEST_HOST = "$(BUILT_PRODUCTS_DIR)/Actions-iOS.app/Actions-iOS";
			};
			name = Debug;
		};
		255CD8992319543600E370D7 /* Release */ = {
			isa = XCBuildConfiguration;
			buildSettings = {
				ALWAYS_EMBED_SWIFT_STANDARD_LIBRARIES = YES;
				BUNDLE_LOADER = "$(TEST_HOST)";
				CODE_SIGN_STYLE = Automatic;
				INFOPLIST_FILE = "Actions-iOSTests/Info.plist";
				LD_RUNPATH_SEARCH_PATHS = (
					"$(inherited)",
					"@executable_path/Frameworks",
					"@loader_path/Frameworks",
				);
				PRODUCT_BUNDLE_IDENTIFIER = "com.gergelynemeth.Actions-iOSTests";
				PRODUCT_NAME = "$(TARGET_NAME)";
				SWIFT_VERSION = 5.0;
				TARGETED_DEVICE_FAMILY = "1,2";
				TEST_HOST = "$(BUILT_PRODUCTS_DIR)/Actions-iOS.app/Actions-iOS";
			};
			name = Release;
		};
		255CD89B2319543600E370D7 /* Debug */ = {
			isa = XCBuildConfiguration;
			buildSettings = {
				ALWAYS_EMBED_SWIFT_STANDARD_LIBRARIES = YES;
				CODE_SIGN_STYLE = Automatic;
				INFOPLIST_FILE = "Actions-iOSUITests/Info.plist";
				LD_RUNPATH_SEARCH_PATHS = (
					"$(inherited)",
					"@executable_path/Frameworks",
					"@loader_path/Frameworks",
				);
				PRODUCT_BUNDLE_IDENTIFIER = "com.gergelynemeth.Actions-iOSUITests";
				PRODUCT_NAME = "$(TARGET_NAME)";
				SWIFT_VERSION = 5.0;
				TARGETED_DEVICE_FAMILY = "1,2";
				TEST_TARGET_NAME = "Actions-iOS";
			};
			name = Debug;
		};
		255CD89C2319543600E370D7 /* Release */ = {
			isa = XCBuildConfiguration;
			buildSettings = {
				ALWAYS_EMBED_SWIFT_STANDARD_LIBRARIES = YES;
				CODE_SIGN_STYLE = Automatic;
				INFOPLIST_FILE = "Actions-iOSUITests/Info.plist";
				LD_RUNPATH_SEARCH_PATHS = (
					"$(inherited)",
					"@executable_path/Frameworks",
					"@loader_path/Frameworks",
				);
				PRODUCT_BUNDLE_IDENTIFIER = "com.gergelynemeth.Actions-iOSUITests";
				PRODUCT_NAME = "$(TARGET_NAME)";
				SWIFT_VERSION = 5.0;
				TARGETED_DEVICE_FAMILY = "1,2";
				TEST_TARGET_NAME = "Actions-iOS";
			};
			name = Release;
		};
/* End XCBuildConfiguration section */

/* Begin XCConfigurationList section */
		255CD8672319543500E370D7 /* Build configuration list for PBXProject "Actions-iOS" */ = {
			isa = XCConfigurationList;
			buildConfigurations = (
				255CD8922319543600E370D7 /* Debug */,
				255CD8932319543600E370D7 /* Release */,
			);
			defaultConfigurationIsVisible = 0;
			defaultConfigurationName = Release;
		};
		255CD8942319543600E370D7 /* Build configuration list for PBXNativeTarget "Actions-iOS" */ = {
			isa = XCConfigurationList;
			buildConfigurations = (
				255CD8952319543600E370D7 /* Debug */,
				255CD8962319543600E370D7 /* Release */,
			);
			defaultConfigurationIsVisible = 0;
			defaultConfigurationName = Release;
		};
		255CD8972319543600E370D7 /* Build configuration list for PBXNativeTarget "Actions-iOSTests" */ = {
			isa = XCConfigurationList;
			buildConfigurations = (
				255CD8982319543600E370D7 /* Debug */,
				255CD8992319543600E370D7 /* Release */,
			);
			defaultConfigurationIsVisible = 0;
			defaultConfigurationName = Release;
		};
		255CD89A2319543600E370D7 /* Build configuration list for PBXNativeTarget "Actions-iOSUITests" */ = {
			isa = XCConfigurationList;
			buildConfigurations = (
				255CD89B2319543600E370D7 /* Debug */,
				255CD89C2319543600E370D7 /* Release */,
			);
			defaultConfigurationIsVisible = 0;
			defaultConfigurationName = Release;
		};
/* End XCConfigurationList section */
	};
	rootObject = 255CD8642319543500E370D7 /* Project object */;
}
